
Microsoft Visual Studio Solution File, Format Version 12.00
# Visual Studio 15
VisualStudioVersion = 15.0.28307.757
MinimumVisualStudioVersion = 10.0.40219.1
Project("{8BC9CEB8-8B4A-11D0-8D11-00A0C91BC942}") = "CH7_2", "CH7_2\CH7_2.vcxproj", "{944D6548-6AFC-4C27-AD5A-B17FDAA8A482}"
EndProject
Global
	GlobalSection(SolutionConfigurationPlatforms) = preSolution
		Debug|x64 = Debug|x64
		Debug|x86 = Debug|x86
		Release|x64 = Release|x64
		Release|x86 = Release|x86
	EndGlobalSection
	GlobalSection(ProjectConfigurationPlatforms) = postSolution
		{944D6548-6AFC-4C27-AD5A-B17FDAA8A482}.Debug|x64.ActiveCfg = Debug|x64
		{944D6548-6AFC-4C27-AD5A-B17FDAA8A482}.Debug|x64.Build.0 = Debug|x64
		{944D6548-6AFC-4C27-AD5A-B17FDAA8A482}.Debug|x86.ActiveCfg = Debug|Win32
		{944D6548-6AFC-4C27-AD5A-B17FDAA8A482}.Debug|x86.Build.0 = Debug|Win32
		{944D6548-6AFC-4C27-AD5A-B17FDAA8A482}.Release|x64.ActiveCfg = Release|x64
		{944D6548-6AFC-4C27-AD5A-B17FDAA8A482}.Release|x64.Build.0 = Release|x64
		{944D6548-6AFC-4C27-AD5A-B17FDAA8A482}.Release|x86.ActiveCfg = Release|Win32
		{944D6548-6AFC-4C27-AD5A-B17FDAA8A482}.Release|x86.Build.0 = Release|Win32
	EndGlobalSection
	GlobalSection(SolutionProperties) = preSolution
		HideSolutionNode = FALSE
	EndGlobalSection
	GlobalSection(ExtensibilityGlobals) = postSolution
		SolutionGuid = {E7604D2A-3203-423B-9698-ABC05882F5D3}
	EndGlobalSection
EndGlobal
